// !$*UTF8*$!
{
	archiveVersion = 1;
	classes = {
	};
	objectVersion = 46;
	objects = {

/* Begin PBXBuildFile section */
		523FB7BB1BE803A20038A420 /* AppDelegate.swift in Sources */ = {isa = PBXBuildFile; fileRef = 523FB7BA1BE803A20038A420 /* AppDelegate.swift */; };
		523FB7BD1BE803A20038A420 /* ViewController.swift in Sources */ = {isa = PBXBuildFile; fileRef = 523FB7BC1BE803A20038A420 /* ViewController.swift */; };
		523FB7C01BE803A20038A420 /* Main.storyboard in Resources */ = {isa = PBXBuildFile; fileRef = 523FB7BE1BE803A20038A420 /* Main.storyboard */; };
		523FB7C21BE803A20038A420 /* Assets.xcassets in Resources */ = {isa = PBXBuildFile; fileRef = 523FB7C11BE803A20038A420 /* Assets.xcassets */; };
		523FB7C51BE803A20038A420 /* LaunchScreen.storyboard in Resources */ = {isa = PBXBuildFile; fileRef = 523FB7C31BE803A20038A420 /* LaunchScreen.storyboard */; };
/* End PBXBuildFile section */

/* Begin PBXFileReference section */
		523FB7B71BE803A20038A420 /* Mr. Potato Head.app */ = {isa = PBXFileReference; explicitFileType = wrapper.application; includeInIndex = 0; path = "Mr. Potato Head.app"; sourceTree = BUILT_PRODUCTS_DIR; };
		523FB7BA1BE803A20038A420 /* AppDelegate.swift */ = {isa = PBXFileReference; lastKnownFileType = sourcecode.swift; path = AppDelegate.swift; sourceTree = "<group>"; };
		523FB7BC1BE803A20038A420 /* ViewController.swift */ = {isa = PBXFileReference; lastKnownFileType = sourcecode.swift; path = ViewController.swift; sourceTree = "<group>"; };
		523FB7BF1BE803A20038A420 /* Base */ = {isa = PBXFileReference; lastKnownFileType = file.storyboard; name = Base; path = Base.lproj/Main.storyboard; sourceTree = "<group>"; };
		523FB7C11BE803A20038A420 /* Assets.xcassets */ = {isa = PBXFileReference; lastKnownFileType = folder.assetcatalog; path = Assets.xcassets; sourceTree = "<group>"; };
		523FB7C41BE803A20038A420 /* Base */ = {isa = PBXFileReference; lastKnownFileType = file.storyboard; name = Base; path = Base.lproj/LaunchScreen.storyboard; sourceTree = "<group>"; };
		523FB7C61BE803A20038A420 /* Info.plist */ = {isa = PBXFileReference; lastKnownFileType = text.plist.xml; path = Info.plist; sourceTree = "<group>"; };
/* End PBXFileReference section */

/* Begin PBXFrameworksBuildPhase section */
		523FB7B41BE803A20038A420 /* Frameworks */ = {
			isa = PBXFrameworksBuildPhase;
			buildActionMask = 2147483647;
			files = (
			);
			runOnlyForDeploymentPostprocessing = 0;
		};
/* End PBXFrameworksBuildPhase section */

/* Begin PBXGroup section */
		523FB7AE1BE803A20038A420 = {
			isa = PBXGroup;
			children = (
				523FB7B91BE803A20038A420 /* Mr. Potato Head */,
				523FB7B81BE803A20038A420 /* Products */,
			);
			sourceTree = "<group>";
		};
		523FB7B81BE803A20038A420 /* Products */ = {
			isa = PBXGroup;
			children = (
				523FB7B71BE803A20038A420 /* Mr. Potato Head.app */,
			);
			name = Products;
			sourceTree = "<group>";
		};
		523FB7B91BE803A20038A420 /* Mr. Potato Head */ = {
			isa = PBXGroup;
			children = (
				523FB7BA1BE803A20038A420 /* AppDelegate.swift */,
				523FB7BC1BE803A20038A420 /* ViewController.swift */,
				523FB7BE1BE803A20038A420 /* Main.storyboard */,
				523FB7C11BE803A20038A420 /* Assets.xcassets */,
				523FB7C31BE803A20038A420 /* LaunchScreen.storyboard */,
				523FB7C61BE803A20038A420 /* Info.plist */,
			);
			path = "Mr. Potato Head";
			sourceTree = "<group>";
		};
/* End PBXGroup section */

/* Begin PBXNativeTarget section */
		523FB7B61BE803A20038A420 /* Mr. Potato Head */ = {
			isa = PBXNativeTarget;
			buildConfigurationList = 523FB7C91BE803A20038A420 /* Build configuration list for PBXNativeTarget "Mr. Potato Head" */;
			buildPhases = (
				523FB7B31BE803A20038A420 /* Sources */,
				523FB7B41BE803A20038A420 /* Frameworks */,
				523FB7B51BE803A20038A420 /* Resources */,
			);
			buildRules = (
			);
			dependencies = (
			);
			name = "Mr. Potato Head";
			productName = "Mr. Potato Head";
			productReference = 523FB7B71BE803A20038A420 /* Mr. Potato Head.app */;
			productType = "com.apple.product-type.application";
		};
/* End PBXNativeTarget section */

/* Begin PBXProject section */
		523FB7AF1BE803A20038A420 /* Project object */ = {
			isa = PBXProject;
			attributes = {
				LastSwiftUpdateCheck = 0710;
				LastUpgradeCheck = 0710;
				ORGANIZATIONNAME = "Mees Fröberg";
				TargetAttributes = {
					523FB7B61BE803A20038A420 = {
						CreatedOnToolsVersion = 7.1;
					};
				};
			};
			buildConfigurationList = 523FB7B21BE803A20038A420 /* Build configuration list for PBXProject "Mr. Potato Head" */;
			compatibilityVersion = "Xcode 3.2";
			developmentRegion = English;
			hasScannedForEncodings = 0;
			knownRegions = (
				en,
				Base,
			);
			mainGroup = 523FB7AE1BE803A20038A420;
			productRefGroup = 523FB7B81BE803A20038A420 /* Products */;
			projectDirPath = "";
			projectRoot = "";
			targets = (
				523FB7B61BE803A20038A420 /* Mr. Potato Head */,
			);
		};
/* End PBXProject section */

/* Begin PBXResourcesBuildPhase section */
		523FB7B51BE803A20038A420 /* Resources */ = {
			isa = PBXResourcesBuildPhase;
			buildActionMask = 2147483647;
			files = (
				523FB7C51BE803A20038A420 /* LaunchScreen.storyboard in Resources */,
				523FB7C21BE803A20038A420 /* Assets.xcassets in Resources */,
				523FB7C01BE803A20038A420 /* Main.storyboard in Resources */,
			);
			runOnlyForDeploymentPostprocessing = 0;
		};
/* End PBXResourcesBuildPhase section */

/* Begin PBXSourcesBuildPhase section */
		523FB7B31BE803A20038A420 /* Sources */ = {
			isa = PBXSourcesBuildPhase;
			buildActionMask = 2147483647;
			files = (
				523FB7BD1BE803A20038A420 /* ViewController.swift in Sources */,
				523FB7BB1BE803A20038A420 /* AppDelegate.swift in Sources */,
			);
			runOnlyForDeploymentPostprocessing = 0;
		};
/* End PBXSourcesBuildPhase section */

/* Begin PBXVariantGroup section */
		523FB7BE1BE803A20038A420 /* Main.storyboard */ = {
			isa = PBXVariantGroup;
			children = (
				523FB7BF1BE803A20038A420 /* Base */,
			);
			name = Main.storyboard;
			sourceTree = "<group>";
		};
		523FB7C31BE803A20038A420 /* LaunchScreen.storyboard */ = {
			isa = PBXVariantGroup;
			children = (
				523FB7C41BE803A20038A420 /* Base */,
			);
			name = LaunchScreen.storyboard;
			sourceTree = "<group>";
		};
/* End PBXVariantGroup section */

/* Begin XCBuildConfiguration section */
		523FB7C71BE803A20038A420 /* Debug */ = {
			isa = XCBuildConfiguration;
			buildSettings = {
				ALWAYS_SEARCH_USER_PATHS = NO;
				CLANG_CXX_LANGUAGE_STANDARD = "gnu++0x";
				CLANG_CXX_LIBRARY = "libc++";
				CLANG_ENABLE_MODULES = YES;
				CLANG_ENABLE_OBJC_ARC = YES;
				CLANG_WARN_BOOL_CONVERSION = YES;
				CLANG_WARN_CONSTANT_CONVERSION = YES;
				CLANG_WARN_DIRECT_OBJC_ISA_USAGE = YES_ERROR;
				CLANG_WARN_EMPTY_BODY = YES;
				CLANG_WARN_ENUM_CONVERSION = YES;
				CLANG_WARN_INT_CONVERSION = YES;
				CLANG_WARN_OBJC_ROOT_CLASS = YES_ERROR;
				CLANG_WARN_UNREACHABLE_CODE = YES;
				CLANG_WARN__DUPLICATE_METHOD_MATCH = YES;
				"CODE_SIGN_IDENTITY[sdk=iphoneos*]" = "iPhone Developer";
				COPY_PHASE_STRIP = NO;
				DEBUG_INFORMATION_FORMAT = dwarf;
				ENABLE_STRICT_OBJC_MSGSEND = YES;
				ENABLE_TESTABILITY = YES;
				GCC_C_LANGUAGE_STANDARD = gnu99;
				GCC_DYNAMIC_NO_PIC = NO;
				GCC_NO_COMMON_BLOCKS = YES;
				GCC_OPTIMIZATION_LEVEL = 0;
				GCC_PREPROCESSOR_DEFINITIONS = (
					"DEBUG=1",
					"$(inherited)",
				);
				GCC_WARN_64_TO_32_BIT_CONVERSION = YES;
				GCC_WARN_ABOUT_RETURN_TYPE = YES_ERROR;
				GCC_WARN_UNDECLARED_SELECTOR = YES;
				GCC_WARN_UNINITIALIZED_AUTOS = YES_AGGRESSIVE;
				GCC_WARN_UNUSED_FUNCTION = YES;
				GCC_WARN_UNUSED_VARIABLE = YES;
				IPHONEOS_DEPLOYMENT_TARGET = 9.1;
				MTL_ENABLE_DEBUG_INFO = YES;
				ONLY_ACTIVE_ARCH = YES;
				SDKROOT = iphoneos;
				SWIFT_OPTIMIZATION_LEVEL = "-Onone";
			};
			name = Debug;
		};
		523FB7C81BE803A20038A420 /* Release */ = {
			isa = XCBuildConfiguration;
			buildSettings = {
				ALWAYS_SEARCH_USER_PATHS = NO;
				CLANG_CXX_LANGUAGE_STANDARD = "gnu++0x";
				CLANG_CXX_LIBRARY = "libc++";
				CLANG_ENABLE_MODULES = YES;
				CLANG_ENABLE_OBJC_ARC = YES;
				CLANG_WARN_BOOL_CONVERSION = YES;
				CLANG_WARN_CONSTANT_CONVERSION = YES;
				CLANG_WARN_DIRECT_OBJC_ISA_USAGE = YES_ERROR;
				CLANG_WARN_EMPTY_BODY = YES;
				CLANG_WARN_ENUM_CONVERSION = YES;
				CLANG_WARN_INT_CONVERSION = YES;
				CLANG_WARN_OBJC_ROOT_CLASS = YES_ERROR;
				CLANG_WARN_UNREACHABLE_CODE = YES;
				CLANG_WARN__DUPLICATE_METHOD_MATCH = YES;
				"CODE_SIGN_IDENTITY[sdk=iphoneos*]" = "iPhone Developer";
				COPY_PHASE_STRIP = NO;
				DEBUG_INFORMATION_FORMAT = "dwarf-with-dsym";
				ENABLE_NS_ASSERTIONS = NO;
				ENABLE_STRICT_OBJC_MSGSEND = YES;
				GCC_C_LANGUAGE_STANDARD = gnu99;
				GCC_NO_COMMON_BLOCKS = YES;
				GCC_WARN_64_TO_32_BIT_CONVERSION = YES;
				GCC_WARN_ABOUT_RETURN_TYPE = YES_ERROR;
				GCC_WARN_UNDECLARED_SELECTOR = YES;
				GCC_WARN_UNINITIALIZED_AUTOS = YES_AGGRESSIVE;
				GCC_WARN_UNUSED_FUNCTION = YES;
				GCC_WARN_UNUSED_VARIABLE = YES;
				IPHONEOS_DEPLOYMENT_TARGET = 9.1;
				MTL_ENABLE_DEBUG_INFO = NO;
				SDKROOT = iphoneos;
				VALIDATE_PRODUCT = YES;
			};
			name = Release;
		};
		523FB7CA1BE803A20038A420 /* Debug */ = {
			isa = XCBuildConfiguration;
			buildSettings = {
				ASSETCATALOG_COMPILER_APPICON_NAME = AppIcon;
				INFOPLIST_FILE = "Mr. Potato Head/Info.plist";
				LD_RUNPATH_SEARCH_PATHS = "$(inherited) @executable_path/Frameworks";
				PRODUCT_BUNDLE_IDENTIFIER = "Mees.Mr--Potato-Head";
				PRODUCT_NAME = "$(TARGET_NAME)";
			};
			name = Debug;
		};
		523FB7CB1BE803A20038A420 /* Release */ = {
			isa = XCBuildConfiguration;
			buildSettings = {
				ASSETCATALOG_COMPILER_APPICON_NAME = AppIcon;
				INFOPLIST_FILE = "Mr. Potato Head/Info.plist";
				LD_RUNPATH_SEARCH_PATHS = "$(inherited) @executable_path/Frameworks";
				PRODUCT_BUNDLE_IDENTIFIER = "Mees.Mr--Potato-Head";
				PRODUCT_NAME = "$(TARGET_NAME)";
			};
			name = Release;
		};
/* End XCBuildConfiguration section */

/* Begin XCConfigurationList section */
		523FB7B21BE803A20038A420 /* Build configuration list for PBXProject "Mr. Potato Head" */ = {
			isa = XCConfigurationList;
			buildConfigurations = (
				523FB7C71BE803A20038A420 /* Debug */,
				523FB7C81BE803A20038A420 /* Release */,
			);
			defaultConfigurationIsVisible = 0;
			defaultConfigurationName = Release;
		};
		523FB7C91BE803A20038A420 /* Build configuration list for PBXNativeTarget "Mr. Potato Head" */ = {
			isa = XCConfigurationList;
			buildConfigurations = (
				523FB7CA1BE803A20038A420 /* Debug */,
				523FB7CB1BE803A20038A420 /* Release */,
			);
			defaultConfigurationIsVisible = 0;
		};
/* End XCConfigurationList section */
	};
	rootObject = 523FB7AF1BE803A20038A420 /* Project object */;
}
